PODS:
  - TextBundleKit (0.2.1)
  - TextBundleKit/Tests (0.2.1)

DEPENDENCIES:
  - TextBundleKit (from `../`)
  - TextBundleKit/Tests (from `../`)

EXTERNAL SOURCES:
  TextBundleKit:
    :path: "../"

SPEC CHECKSUMS:
  TextBundleKit: 3e011b3f76b629486bffc261b55f578aab5989bd

PODFILE CHECKSUM: 50d7c8710fbb85216af5b9064d69ce6dd58515cc

COCOAPODS: 1.5.2
