PODS:
  - TextBundleKit (0.3.0)
  - TextBundleKit/Tests (0.3.0)

DEPENDENCIES:
  - TextBundleKit (from `../`)
  - TextBundleKit/Tests (from `../`)

EXTERNAL SOURCES:
  TextBundleKit:
    :path: "../"

SPEC CHECKSUMS:
  TextBundleKit: b8d96772e8d184e65d6696890f85a6d4ce535702

PODFILE CHECKSUM: 50d7c8710fbb85216af5b9064d69ce6dd58515cc

COCOAPODS: 1.5.0
